// !$*UTF8*$!
{
	archiveVersion = 1;
	classes = {
	};
	objectVersion = 56;
	objects = {

/* Begin PBXBuildFile section */
		175088B62A25CE5300362D5C /* LocalPlacesLoaderTests.swift in Sources */ = {isa = PBXBuildFile; fileRef = 175088B52A25CE5300362D5C /* LocalPlacesLoaderTests.swift */; };
		175088BA2A25CFFA00362D5C /* GooglePlace.swift in Sources */ = {isa = PBXBuildFile; fileRef = 175088B92A25CFFA00362D5C /* GooglePlace.swift */; };
		178F5BCF2A1F3553004516AF /* PlacesEndToEndTests.swift in Sources */ = {isa = PBXBuildFile; fileRef = 178F5BCE2A1F3553004516AF /* PlacesEndToEndTests.swift */; };
		178F5BD02A1F3553004516AF /* Places.framework in Frameworks */ = {isa = PBXBuildFile; fileRef = 17C52C112A1D50560066BEDE /* Places.framework */; };
		178F5BD62A1F47A7004516AF /* XCTestCase+MemoryLeakTracking.swift in Sources */ = {isa = PBXBuildFile; fileRef = 17F6F92C2A1E9BD20087401A /* XCTestCase+MemoryLeakTracking.swift */; };
		17BF461E2A21239F007B0BDB /* LocalPlacesLoader.swift in Sources */ = {isa = PBXBuildFile; fileRef = 17BF461D2A21239F007B0BDB /* LocalPlacesLoader.swift */; };
		17BF46202A212437007B0BDB /* PlacesStore.swift in Sources */ = {isa = PBXBuildFile; fileRef = 17BF461F2A212437007B0BDB /* PlacesStore.swift */; };
		17BF46242A22ACF7007B0BDB /* LocalPlace.swift in Sources */ = {isa = PBXBuildFile; fileRef = 17BF46232A22ACF7007B0BDB /* LocalPlace.swift */; };
		17C52C1A2A1D50560066BEDE /* Places.framework in Frameworks */ = {isa = PBXBuildFile; fileRef = 17C52C112A1D50560066BEDE /* Places.framework */; };
		17C52C1F2A1D50560066BEDE /* LoadPlacesFromGoogleProviderTests.swift in Sources */ = {isa = PBXBuildFile; fileRef = 17C52C1E2A1D50560066BEDE /* LoadPlacesFromGoogleProviderTests.swift */; };
		17C52C2A2A1D50800066BEDE /* Place.swift in Sources */ = {isa = PBXBuildFile; fileRef = 17C52C292A1D50800066BEDE /* Place.swift */; };
		17C52C2C2A1D51740066BEDE /* Location.swift in Sources */ = {isa = PBXBuildFile; fileRef = 17C52C2B2A1D51740066BEDE /* Location.swift */; };
		17C52C2E2A1D52EB0066BEDE /* PlacesLoader.swift in Sources */ = {isa = PBXBuildFile; fileRef = 17C52C2D2A1D52EB0066BEDE /* PlacesLoader.swift */; };
		17C52C342A1D63650066BEDE /* GooglePlacesLoader.swift in Sources */ = {isa = PBXBuildFile; fileRef = 17C52C332A1D63650066BEDE /* GooglePlacesLoader.swift */; };
		17C52C362A1E28950066BEDE /* PlacesMapper.swift in Sources */ = {isa = PBXBuildFile; fileRef = 17C52C352A1E28950066BEDE /* PlacesMapper.swift */; };
		17C52C382A1E42600066BEDE /* HTTPClient.swift in Sources */ = {isa = PBXBuildFile; fileRef = 17C52C372A1E42600066BEDE /* HTTPClient.swift */; };
		17C52C3B2A1E56EC0066BEDE /* URLSessionHTTPClientTests.swift in Sources */ = {isa = PBXBuildFile; fileRef = 17C52C3A2A1E56EC0066BEDE /* URLSessionHTTPClientTests.swift */; };
		17F331612A20AA6800ADFB07 /* LoadPlacesFromCacheTests.swift in Sources */ = {isa = PBXBuildFile; fileRef = 17F331602A20AA6800ADFB07 /* LoadPlacesFromCacheTests.swift */; };
		17F6F92D2A1E9BD20087401A /* XCTestCase+MemoryLeakTracking.swift in Sources */ = {isa = PBXBuildFile; fileRef = 17F6F92C2A1E9BD20087401A /* XCTestCase+MemoryLeakTracking.swift */; };
		17F6F92F2A1F2E610087401A /* URLSessionHTTPClient.swift in Sources */ = {isa = PBXBuildFile; fileRef = 17F6F92E2A1F2E610087401A /* URLSessionHTTPClient.swift */; };
/* End PBXBuildFile section */

/* Begin PBXContainerItemProxy section */
		178F5BD12A1F3553004516AF /* PBXContainerItemProxy */ = {
			isa = PBXContainerItemProxy;
			containerPortal = 17C52C082A1D50550066BEDE /* Project object */;
			proxyType = 1;
			remoteGlobalIDString = 17C52C102A1D50560066BEDE;
			remoteInfo = Places;
		};
		17C52C1B2A1D50560066BEDE /* PBXContainerItemProxy */ = {
			isa = PBXContainerItemProxy;
			containerPortal = 17C52C082A1D50550066BEDE /* Project object */;
			proxyType = 1;
			remoteGlobalIDString = 17C52C102A1D50560066BEDE;
			remoteInfo = Places;
		};
/* End PBXContainerItemProxy section */

/* Begin PBXFileReference section */
		175088B52A25CE5300362D5C /* LocalPlacesLoaderTests.swift */ = {isa = PBXFileReference; lastKnownFileType = sourcecode.swift; path = LocalPlacesLoaderTests.swift; sourceTree = "<group>"; };
		175088B92A25CFFA00362D5C /* GooglePlace.swift */ = {isa = PBXFileReference; fileEncoding = 4; lastKnownFileType = sourcecode.swift; path = GooglePlace.swift; sourceTree = "<group>"; };
		178F5BC72A1F3413004516AF /* Places.xctestplan */ = {isa = PBXFileReference; lastKnownFileType = text; path = Places.xctestplan; sourceTree = "<group>"; };
		178F5BCC2A1F3553004516AF /* PlacesEndToEndTests.xctest */ = {isa = PBXFileReference; explicitFileType = wrapper.cfbundle; includeInIndex = 0; path = PlacesEndToEndTests.xctest; sourceTree = BUILT_PRODUCTS_DIR; };
		178F5BCE2A1F3553004516AF /* PlacesEndToEndTests.swift */ = {isa = PBXFileReference; lastKnownFileType = sourcecode.swift; path = PlacesEndToEndTests.swift; sourceTree = "<group>"; };
		17BF461D2A21239F007B0BDB /* LocalPlacesLoader.swift */ = {isa = PBXFileReference; lastKnownFileType = sourcecode.swift; path = LocalPlacesLoader.swift; sourceTree = "<group>"; };
		17BF461F2A212437007B0BDB /* PlacesStore.swift */ = {isa = PBXFileReference; lastKnownFileType = sourcecode.swift; path = PlacesStore.swift; sourceTree = "<group>"; };
		17BF46232A22ACF7007B0BDB /* LocalPlace.swift */ = {isa = PBXFileReference; lastKnownFileType = sourcecode.swift; path = LocalPlace.swift; sourceTree = "<group>"; };
		17C52C112A1D50560066BEDE /* Places.framework */ = {isa = PBXFileReference; explicitFileType = wrapper.framework; includeInIndex = 0; path = Places.framework; sourceTree = BUILT_PRODUCTS_DIR; };
		17C52C192A1D50560066BEDE /* PlacesTests.xctest */ = {isa = PBXFileReference; explicitFileType = wrapper.cfbundle; includeInIndex = 0; path = PlacesTests.xctest; sourceTree = BUILT_PRODUCTS_DIR; };
		17C52C1E2A1D50560066BEDE /* LoadPlacesFromGoogleProviderTests.swift */ = {isa = PBXFileReference; lastKnownFileType = sourcecode.swift; path = LoadPlacesFromGoogleProviderTests.swift; sourceTree = "<group>"; };
		17C52C292A1D50800066BEDE /* Place.swift */ = {isa = PBXFileReference; lastKnownFileType = sourcecode.swift; path = Place.swift; sourceTree = "<group>"; };
		17C52C2B2A1D51740066BEDE /* Location.swift */ = {isa = PBXFileReference; lastKnownFileType = sourcecode.swift; path = Location.swift; sourceTree = "<group>"; };
		17C52C2D2A1D52EB0066BEDE /* PlacesLoader.swift */ = {isa = PBXFileReference; lastKnownFileType = sourcecode.swift; path = PlacesLoader.swift; sourceTree = "<group>"; };
		17C52C332A1D63650066BEDE /* GooglePlacesLoader.swift */ = {isa = PBXFileReference; lastKnownFileType = sourcecode.swift; path = GooglePlacesLoader.swift; sourceTree = "<group>"; };
		17C52C352A1E28950066BEDE /* PlacesMapper.swift */ = {isa = PBXFileReference; lastKnownFileType = sourcecode.swift; path = PlacesMapper.swift; sourceTree = "<group>"; };
		17C52C372A1E42600066BEDE /* HTTPClient.swift */ = {isa = PBXFileReference; lastKnownFileType = sourcecode.swift; path = HTTPClient.swift; sourceTree = "<group>"; };
		17C52C3A2A1E56EC0066BEDE /* URLSessionHTTPClientTests.swift */ = {isa = PBXFileReference; lastKnownFileType = sourcecode.swift; path = URLSessionHTTPClientTests.swift; sourceTree = "<group>"; };
		17EFCA2B2A1F4C7100C8A210 /* CI.xctestplan */ = {isa = PBXFileReference; lastKnownFileType = text; path = CI.xctestplan; sourceTree = "<group>"; };
		17F331602A20AA6800ADFB07 /* LoadPlacesFromCacheTests.swift */ = {isa = PBXFileReference; lastKnownFileType = sourcecode.swift; path = LoadPlacesFromCacheTests.swift; sourceTree = "<group>"; };
		17F6F92C2A1E9BD20087401A /* XCTestCase+MemoryLeakTracking.swift */ = {isa = PBXFileReference; lastKnownFileType = sourcecode.swift; path = "XCTestCase+MemoryLeakTracking.swift"; sourceTree = "<group>"; };
		17F6F92E2A1F2E610087401A /* URLSessionHTTPClient.swift */ = {isa = PBXFileReference; lastKnownFileType = sourcecode.swift; path = URLSessionHTTPClient.swift; sourceTree = "<group>"; };
/* End PBXFileReference section */

/* Begin PBXFrameworksBuildPhase section */
		178F5BC92A1F3553004516AF /* Frameworks */ = {
			isa = PBXFrameworksBuildPhase;
			buildActionMask = 2147483647;
			files = (
				178F5BD02A1F3553004516AF /* Places.framework in Frameworks */,
			);
			runOnlyForDeploymentPostprocessing = 0;
		};
		17C52C0E2A1D50560066BEDE /* Frameworks */ = {
			isa = PBXFrameworksBuildPhase;
			buildActionMask = 2147483647;
			files = (
			);
			runOnlyForDeploymentPostprocessing = 0;
		};
		17C52C162A1D50560066BEDE /* Frameworks */ = {
			isa = PBXFrameworksBuildPhase;
			buildActionMask = 2147483647;
			files = (
				17C52C1A2A1D50560066BEDE /* Places.framework in Frameworks */,
			);
			runOnlyForDeploymentPostprocessing = 0;
		};
/* End PBXFrameworksBuildPhase section */

/* Begin PBXGroup section */
		178F5BCD2A1F3553004516AF /* PlacesEndToEndTests */ = {
			isa = PBXGroup;
			children = (
				178F5BCE2A1F3553004516AF /* PlacesEndToEndTests.swift */,
			);
			path = PlacesEndToEndTests;
			sourceTree = "<group>";
		};
		17C52C072A1D50550066BEDE = {
			isa = PBXGroup;
			children = (
				17F331622A20D69100ADFB07 /* Test Plans */,
				17C52C132A1D50560066BEDE /* Places */,
				17C52C1D2A1D50560066BEDE /* PlacesTests */,
				178F5BCD2A1F3553004516AF /* PlacesEndToEndTests */,
				17C52C122A1D50560066BEDE /* Products */,
			);
			sourceTree = "<group>";
		};
		17C52C122A1D50560066BEDE /* Products */ = {
			isa = PBXGroup;
			children = (
				17C52C112A1D50560066BEDE /* Places.framework */,
				17C52C192A1D50560066BEDE /* PlacesTests.xctest */,
				178F5BCC2A1F3553004516AF /* PlacesEndToEndTests.xctest */,
			);
			name = Products;
			sourceTree = "<group>";
		};
		17C52C132A1D50560066BEDE /* Places */ = {
			isa = PBXGroup;
			children = (
				17F3315E2A20AA0C00ADFB07 /* Places Cache */,
				17C52C322A1D63460066BEDE /* Places API */,
				17C52C302A1D55100066BEDE /* Places Feature */,
			);
			path = Places;
			sourceTree = "<group>";
		};
		17C52C1D2A1D50560066BEDE /* PlacesTests */ = {
			isa = PBXGroup;
			children = (
				17F6F92B2A1E9BA20087401A /* Helpers */,
				17F3315F2A20AA5100ADFB07 /* Places Cache */,
				17C52C392A1E4BC80066BEDE /* Places API */,
			);
			path = PlacesTests;
			sourceTree = "<group>";
		};
		17C52C302A1D55100066BEDE /* Places Feature */ = {
			isa = PBXGroup;
			children = (
				17C52C2B2A1D51740066BEDE /* Location.swift */,
				17C52C292A1D50800066BEDE /* Place.swift */,
				17C52C2D2A1D52EB0066BEDE /* PlacesLoader.swift */,
			);
			path = "Places Feature";
			sourceTree = "<group>";
		};
		17C52C322A1D63460066BEDE /* Places API */ = {
			isa = PBXGroup;
			children = (
				17C52C332A1D63650066BEDE /* GooglePlacesLoader.swift */,
				175088B92A25CFFA00362D5C /* GooglePlace.swift */,
				17C52C352A1E28950066BEDE /* PlacesMapper.swift */,
				17C52C372A1E42600066BEDE /* HTTPClient.swift */,
				17F6F92E2A1F2E610087401A /* URLSessionHTTPClient.swift */,
			);
			path = "Places API";
			sourceTree = "<group>";
		};
		17C52C392A1E4BC80066BEDE /* Places API */ = {
			isa = PBXGroup;
			children = (
				17C52C1E2A1D50560066BEDE /* LoadPlacesFromGoogleProviderTests.swift */,
				17C52C3A2A1E56EC0066BEDE /* URLSessionHTTPClientTests.swift */,
			);
			path = "Places API";
			sourceTree = "<group>";
		};
		17F3315E2A20AA0C00ADFB07 /* Places Cache */ = {
			isa = PBXGroup;
			children = (
				17BF461D2A21239F007B0BDB /* LocalPlacesLoader.swift */,
				17BF461F2A212437007B0BDB /* PlacesStore.swift */,
				17BF46232A22ACF7007B0BDB /* LocalPlace.swift */,
			);
			path = "Places Cache";
			sourceTree = "<group>";
		};
		17F3315F2A20AA5100ADFB07 /* Places Cache */ = {
			isa = PBXGroup;
			children = (
				175088B52A25CE5300362D5C /* LocalPlacesLoaderTests.swift */,
				17F331602A20AA6800ADFB07 /* LoadPlacesFromCacheTests.swift */,
			);
			path = "Places Cache";
			sourceTree = "<group>";
		};
		17F331622A20D69100ADFB07 /* Test Plans */ = {
			isa = PBXGroup;
			children = (
				17EFCA2B2A1F4C7100C8A210 /* CI.xctestplan */,
				178F5BC72A1F3413004516AF /* Places.xctestplan */,
			);
			path = "Test Plans";
			sourceTree = "<group>";
		};
		17F6F92B2A1E9BA20087401A /* Helpers */ = {
			isa = PBXGroup;
			children = (
				17F6F92C2A1E9BD20087401A /* XCTestCase+MemoryLeakTracking.swift */,
			);
			path = Helpers;
			sourceTree = "<group>";
		};
/* End PBXGroup section */

/* Begin PBXHeadersBuildPhase section */
		17C52C0C2A1D50560066BEDE /* Headers */ = {
			isa = PBXHeadersBuildPhase;
			buildActionMask = 2147483647;
			files = (
			);
			runOnlyForDeploymentPostprocessing = 0;
		};
/* End PBXHeadersBuildPhase section */

/* Begin PBXNativeTarget section */
		178F5BCB2A1F3553004516AF /* PlacesEndToEndTests */ = {
			isa = PBXNativeTarget;
			buildConfigurationList = 178F5BD32A1F3553004516AF /* Build configuration list for PBXNativeTarget "PlacesEndToEndTests" */;
			buildPhases = (
				178F5BC82A1F3553004516AF /* Sources */,
				178F5BC92A1F3553004516AF /* Frameworks */,
				178F5BCA2A1F3553004516AF /* Resources */,
			);
			buildRules = (
			);
			dependencies = (
				178F5BD22A1F3553004516AF /* PBXTargetDependency */,
			);
			name = PlacesEndToEndTests;
			productName = PlacesEndToEndTests;
			productReference = 178F5BCC2A1F3553004516AF /* PlacesEndToEndTests.xctest */;
			productType = "com.apple.product-type.bundle.unit-test";
		};
		17C52C102A1D50560066BEDE /* Places */ = {
			isa = PBXNativeTarget;
			buildConfigurationList = 17C52C232A1D50560066BEDE /* Build configuration list for PBXNativeTarget "Places" */;
			buildPhases = (
				17C52C0C2A1D50560066BEDE /* Headers */,
				17C52C0D2A1D50560066BEDE /* Sources */,
				17C52C0E2A1D50560066BEDE /* Frameworks */,
				17C52C0F2A1D50560066BEDE /* Resources */,
			);
			buildRules = (
			);
			dependencies = (
			);
			name = Places;
			productName = Places;
			productReference = 17C52C112A1D50560066BEDE /* Places.framework */;
			productType = "com.apple.product-type.framework";
		};
		17C52C182A1D50560066BEDE /* PlacesTests */ = {
			isa = PBXNativeTarget;
			buildConfigurationList = 17C52C262A1D50560066BEDE /* Build configuration list for PBXNativeTarget "PlacesTests" */;
			buildPhases = (
				17C52C152A1D50560066BEDE /* Sources */,
				17C52C162A1D50560066BEDE /* Frameworks */,
				17C52C172A1D50560066BEDE /* Resources */,
			);
			buildRules = (
			);
			dependencies = (
				17C52C1C2A1D50560066BEDE /* PBXTargetDependency */,
			);
			name = PlacesTests;
			productName = PlacesTests;
			productReference = 17C52C192A1D50560066BEDE /* PlacesTests.xctest */;
			productType = "com.apple.product-type.bundle.unit-test";
		};
/* End PBXNativeTarget section */

/* Begin PBXProject section */
		17C52C082A1D50550066BEDE /* Project object */ = {
			isa = PBXProject;
			attributes = {
				BuildIndependentTargetsInParallel = 1;
				LastSwiftUpdateCheck = 1430;
				LastUpgradeCheck = 1430;
				TargetAttributes = {
					178F5BCB2A1F3553004516AF = {
						CreatedOnToolsVersion = 14.3;
					};
					17C52C102A1D50560066BEDE = {
						CreatedOnToolsVersion = 14.3;
						LastSwiftMigration = 1430;
					};
					17C52C182A1D50560066BEDE = {
						CreatedOnToolsVersion = 14.3;
					};
				};
			};
			buildConfigurationList = 17C52C0B2A1D50550066BEDE /* Build configuration list for PBXProject "Places" */;
			compatibilityVersion = "Xcode 14.0";
			developmentRegion = en;
			hasScannedForEncodings = 0;
			knownRegions = (
				en,
				Base,
			);
			mainGroup = 17C52C072A1D50550066BEDE;
			productRefGroup = 17C52C122A1D50560066BEDE /* Products */;
			projectDirPath = "";
			projectRoot = "";
			targets = (
				17C52C102A1D50560066BEDE /* Places */,
				17C52C182A1D50560066BEDE /* PlacesTests */,
				178F5BCB2A1F3553004516AF /* PlacesEndToEndTests */,
			);
		};
/* End PBXProject section */

/* Begin PBXResourcesBuildPhase section */
		178F5BCA2A1F3553004516AF /* Resources */ = {
			isa = PBXResourcesBuildPhase;
			buildActionMask = 2147483647;
			files = (
			);
			runOnlyForDeploymentPostprocessing = 0;
		};
		17C52C0F2A1D50560066BEDE /* Resources */ = {
			isa = PBXResourcesBuildPhase;
			buildActionMask = 2147483647;
			files = (
			);
			runOnlyForDeploymentPostprocessing = 0;
		};
		17C52C172A1D50560066BEDE /* Resources */ = {
			isa = PBXResourcesBuildPhase;
			buildActionMask = 2147483647;
			files = (
			);
			runOnlyForDeploymentPostprocessing = 0;
		};
/* End PBXResourcesBuildPhase section */

/* Begin PBXSourcesBuildPhase section */
		178F5BC82A1F3553004516AF /* Sources */ = {
			isa = PBXSourcesBuildPhase;
			buildActionMask = 2147483647;
			files = (
				178F5BCF2A1F3553004516AF /* PlacesEndToEndTests.swift in Sources */,
				178F5BD62A1F47A7004516AF /* XCTestCase+MemoryLeakTracking.swift in Sources */,
			);
			runOnlyForDeploymentPostprocessing = 0;
		};
		17C52C0D2A1D50560066BEDE /* Sources */ = {
			isa = PBXSourcesBuildPhase;
			buildActionMask = 2147483647;
			files = (
				17F6F92F2A1F2E610087401A /* URLSessionHTTPClient.swift in Sources */,
				17C52C362A1E28950066BEDE /* PlacesMapper.swift in Sources */,
				175088BA2A25CFFA00362D5C /* GooglePlace.swift in Sources */,
				17BF46202A212437007B0BDB /* PlacesStore.swift in Sources */,
				17C52C2C2A1D51740066BEDE /* Location.swift in Sources */,
				17C52C382A1E42600066BEDE /* HTTPClient.swift in Sources */,
				17BF461E2A21239F007B0BDB /* LocalPlacesLoader.swift in Sources */,
				17BF46242A22ACF7007B0BDB /* LocalPlace.swift in Sources */,
				17C52C2A2A1D50800066BEDE /* Place.swift in Sources */,
				17C52C2E2A1D52EB0066BEDE /* PlacesLoader.swift in Sources */,
				17C52C342A1D63650066BEDE /* GooglePlacesLoader.swift in Sources */,
			);
			runOnlyForDeploymentPostprocessing = 0;
		};
		17C52C152A1D50560066BEDE /* Sources */ = {
			isa = PBXSourcesBuildPhase;
			buildActionMask = 2147483647;
			files = (
				17F331612A20AA6800ADFB07 /* LoadPlacesFromCacheTests.swift in Sources */,
				17C52C1F2A1D50560066BEDE /* LoadPlacesFromGoogleProviderTests.swift in Sources */,
				175088B62A25CE5300362D5C /* LocalPlacesLoaderTests.swift in Sources */,
				17C52C3B2A1E56EC0066BEDE /* URLSessionHTTPClientTests.swift in Sources */,
				17F6F92D2A1E9BD20087401A /* XCTestCase+MemoryLeakTracking.swift in Sources */,
			);
			runOnlyForDeploymentPostprocessing = 0;
		};
/* End PBXSourcesBuildPhase section */

/* Begin PBXTargetDependency section */
		178F5BD22A1F3553004516AF /* PBXTargetDependency */ = {
			isa = PBXTargetDependency;
			target = 17C52C102A1D50560066BEDE /* Places */;
			targetProxy = 178F5BD12A1F3553004516AF /* PBXContainerItemProxy */;
		};
		17C52C1C2A1D50560066BEDE /* PBXTargetDependency */ = {
			isa = PBXTargetDependency;
			target = 17C52C102A1D50560066BEDE /* Places */;
			targetProxy = 17C52C1B2A1D50560066BEDE /* PBXContainerItemProxy */;
		};
/* End PBXTargetDependency section */

/* Begin XCBuildConfiguration section */
		178F5BD42A1F3553004516AF /* Debug */ = {
			isa = XCBuildConfiguration;
			buildSettings = {
				CODE_SIGN_STYLE = Automatic;
				CURRENT_PROJECT_VERSION = 1;
				DEVELOPMENT_TEAM = 642J3P53HE;
				GENERATE_INFOPLIST_FILE = YES;
				MARKETING_VERSION = 1.0;
				PRODUCT_BUNDLE_IDENTIFIER = com.pintumo.PlacesEndToEndTests;
				PRODUCT_NAME = "$(TARGET_NAME)";
				SWIFT_EMIT_LOC_STRINGS = NO;
				SWIFT_VERSION = 5.0;
			};
			name = Debug;
		};
		178F5BD52A1F3553004516AF /* Release */ = {
			isa = XCBuildConfiguration;
			buildSettings = {
				CODE_SIGN_STYLE = Automatic;
				CURRENT_PROJECT_VERSION = 1;
				DEVELOPMENT_TEAM = 642J3P53HE;
				GENERATE_INFOPLIST_FILE = YES;
				MARKETING_VERSION = 1.0;
				PRODUCT_BUNDLE_IDENTIFIER = com.pintumo.PlacesEndToEndTests;
				PRODUCT_NAME = "$(TARGET_NAME)";
				SWIFT_EMIT_LOC_STRINGS = NO;
				SWIFT_VERSION = 5.0;
			};
			name = Release;
		};
		17C52C212A1D50560066BEDE /* Debug */ = {
			isa = XCBuildConfiguration;
			buildSettings = {
				ALWAYS_SEARCH_USER_PATHS = NO;
				CLANG_ANALYZER_NONNULL = YES;
				CLANG_ANALYZER_NUMBER_OBJECT_CONVERSION = YES_AGGRESSIVE;
				CLANG_CXX_LANGUAGE_STANDARD = "gnu++20";
				CLANG_ENABLE_MODULES = YES;
				CLANG_ENABLE_OBJC_ARC = YES;
				CLANG_ENABLE_OBJC_WEAK = YES;
				CLANG_WARN_BLOCK_CAPTURE_AUTORELEASING = YES;
				CLANG_WARN_BOOL_CONVERSION = YES;
				CLANG_WARN_COMMA = YES;
				CLANG_WARN_CONSTANT_CONVERSION = YES;
				CLANG_WARN_DEPRECATED_OBJC_IMPLEMENTATIONS = YES;
				CLANG_WARN_DIRECT_OBJC_ISA_USAGE = YES_ERROR;
				CLANG_WARN_DOCUMENTATION_COMMENTS = YES;
				CLANG_WARN_EMPTY_BODY = YES;
				CLANG_WARN_ENUM_CONVERSION = YES;
				CLANG_WARN_INFINITE_RECURSION = YES;
				CLANG_WARN_INT_CONVERSION = YES;
				CLANG_WARN_NON_LITERAL_NULL_CONVERSION = YES;
				CLANG_WARN_OBJC_IMPLICIT_RETAIN_SELF = YES;
				CLANG_WARN_OBJC_LITERAL_CONVERSION = YES;
				CLANG_WARN_OBJC_ROOT_CLASS = YES_ERROR;
				CLANG_WARN_QUOTED_INCLUDE_IN_FRAMEWORK_HEADER = YES;
				CLANG_WARN_RANGE_LOOP_ANALYSIS = YES;
				CLANG_WARN_STRICT_PROTOTYPES = YES;
				CLANG_WARN_SUSPICIOUS_MOVE = YES;
				CLANG_WARN_UNGUARDED_AVAILABILITY = YES_AGGRESSIVE;
				CLANG_WARN_UNREACHABLE_CODE = YES;
				CLANG_WARN__DUPLICATE_METHOD_MATCH = YES;
				COPY_PHASE_STRIP = NO;
				CURRENT_PROJECT_VERSION = 1;
				DEBUG_INFORMATION_FORMAT = dwarf;
				ENABLE_STRICT_OBJC_MSGSEND = YES;
				ENABLE_TESTABILITY = YES;
				GCC_C_LANGUAGE_STANDARD = gnu11;
				GCC_DYNAMIC_NO_PIC = NO;
				GCC_NO_COMMON_BLOCKS = YES;
				GCC_OPTIMIZATION_LEVEL = 0;
				GCC_PREPROCESSOR_DEFINITIONS = (
					"DEBUG=1",
					"$(inherited)",
				);
				GCC_WARN_64_TO_32_BIT_CONVERSION = YES;
				GCC_WARN_ABOUT_RETURN_TYPE = YES_ERROR;
				GCC_WARN_UNDECLARED_SELECTOR = YES;
				GCC_WARN_UNINITIALIZED_AUTOS = YES_AGGRESSIVE;
				GCC_WARN_UNUSED_FUNCTION = YES;
				GCC_WARN_UNUSED_VARIABLE = YES;
				MACOSX_DEPLOYMENT_TARGET = 13.3;
				MTL_ENABLE_DEBUG_INFO = INCLUDE_SOURCE;
				MTL_FAST_MATH = YES;
				ONLY_ACTIVE_ARCH = YES;
				SDKROOT = macosx;
				SWIFT_ACTIVE_COMPILATION_CONDITIONS = DEBUG;
				SWIFT_OPTIMIZATION_LEVEL = "-Onone";
				VERSIONING_SYSTEM = "apple-generic";
				VERSION_INFO_PREFIX = "";
			};
			name = Debug;
		};
		17C52C222A1D50560066BEDE /* Release */ = {
			isa = XCBuildConfiguration;
			buildSettings = {
				ALWAYS_SEARCH_USER_PATHS = NO;
				CLANG_ANALYZER_NONNULL = YES;
				CLANG_ANALYZER_NUMBER_OBJECT_CONVERSION = YES_AGGRESSIVE;
				CLANG_CXX_LANGUAGE_STANDARD = "gnu++20";
				CLANG_ENABLE_MODULES = YES;
				CLANG_ENABLE_OBJC_ARC = YES;
				CLANG_ENABLE_OBJC_WEAK = YES;
				CLANG_WARN_BLOCK_CAPTURE_AUTORELEASING = YES;
				CLANG_WARN_BOOL_CONVERSION = YES;
				CLANG_WARN_COMMA = YES;
				CLANG_WARN_CONSTANT_CONVERSION = YES;
				CLANG_WARN_DEPRECATED_OBJC_IMPLEMENTATIONS = YES;
				CLANG_WARN_DIRECT_OBJC_ISA_USAGE = YES_ERROR;
				CLANG_WARN_DOCUMENTATION_COMMENTS = YES;
				CLANG_WARN_EMPTY_BODY = YES;
				CLANG_WARN_ENUM_CONVERSION = YES;
				CLANG_WARN_INFINITE_RECURSION = YES;
				CLANG_WARN_INT_CONVERSION = YES;
				CLANG_WARN_NON_LITERAL_NULL_CONVERSION = YES;
				CLANG_WARN_OBJC_IMPLICIT_RETAIN_SELF = YES;
				CLANG_WARN_OBJC_LITERAL_CONVERSION = YES;
				CLANG_WARN_OBJC_ROOT_CLASS = YES_ERROR;
				CLANG_WARN_QUOTED_INCLUDE_IN_FRAMEWORK_HEADER = YES;
				CLANG_WARN_RANGE_LOOP_ANALYSIS = YES;
				CLANG_WARN_STRICT_PROTOTYPES = YES;
				CLANG_WARN_SUSPICIOUS_MOVE = YES;
				CLANG_WARN_UNGUARDED_AVAILABILITY = YES_AGGRESSIVE;
				CLANG_WARN_UNREACHABLE_CODE = YES;
				CLANG_WARN__DUPLICATE_METHOD_MATCH = YES;
				COPY_PHASE_STRIP = NO;
				CURRENT_PROJECT_VERSION = 1;
				DEBUG_INFORMATION_FORMAT = "dwarf-with-dsym";
				ENABLE_NS_ASSERTIONS = NO;
				ENABLE_STRICT_OBJC_MSGSEND = YES;
				GCC_C_LANGUAGE_STANDARD = gnu11;
				GCC_NO_COMMON_BLOCKS = YES;
				GCC_WARN_64_TO_32_BIT_CONVERSION = YES;
				GCC_WARN_ABOUT_RETURN_TYPE = YES_ERROR;
				GCC_WARN_UNDECLARED_SELECTOR = YES;
				GCC_WARN_UNINITIALIZED_AUTOS = YES_AGGRESSIVE;
				GCC_WARN_UNUSED_FUNCTION = YES;
				GCC_WARN_UNUSED_VARIABLE = YES;
				MACOSX_DEPLOYMENT_TARGET = 13.3;
				MTL_ENABLE_DEBUG_INFO = NO;
				MTL_FAST_MATH = YES;
				SDKROOT = macosx;
				SWIFT_COMPILATION_MODE = wholemodule;
				SWIFT_OPTIMIZATION_LEVEL = "-O";
				VERSIONING_SYSTEM = "apple-generic";
				VERSION_INFO_PREFIX = "";
			};
			name = Release;
		};
		17C52C242A1D50560066BEDE /* Debug */ = {
			isa = XCBuildConfiguration;
			buildSettings = {
				CLANG_ENABLE_MODULES = YES;
				CODE_SIGN_STYLE = Automatic;
				COMBINE_HIDPI_IMAGES = YES;
				CURRENT_PROJECT_VERSION = 1;
				DEFINES_MODULE = YES;
				DEVELOPMENT_TEAM = 642J3P53HE;
				DYLIB_COMPATIBILITY_VERSION = 1;
				DYLIB_CURRENT_VERSION = 1;
				DYLIB_INSTALL_NAME_BASE = "@rpath";
				ENABLE_MODULE_VERIFIER = YES;
				GENERATE_INFOPLIST_FILE = YES;
				INFOPLIST_KEY_NSHumanReadableCopyright = "";
				INSTALL_PATH = "$(LOCAL_LIBRARY_DIR)/Frameworks";
				LD_RUNPATH_SEARCH_PATHS = (
					"$(inherited)",
					"@executable_path/../Frameworks",
					"@loader_path/Frameworks",
				);
				MARKETING_VERSION = 1.0;
				MODULE_VERIFIER_SUPPORTED_LANGUAGES = "objective-c objective-c++";
				MODULE_VERIFIER_SUPPORTED_LANGUAGE_STANDARDS = "gnu11 gnu++20";
				PRODUCT_BUNDLE_IDENTIFIER = com.pintumo.Places;
				PRODUCT_NAME = "$(TARGET_NAME:c99extidentifier)";
				SKIP_INSTALL = YES;
				SWIFT_EMIT_LOC_STRINGS = YES;
				SWIFT_OPTIMIZATION_LEVEL = "-Onone";
				SWIFT_VERSION = 5.0;
			};
			name = Debug;
		};
		17C52C252A1D50560066BEDE /* Release */ = {
			isa = XCBuildConfiguration;
			buildSettings = {
				CLANG_ENABLE_MODULES = YES;
				CODE_SIGN_STYLE = Automatic;
				COMBINE_HIDPI_IMAGES = YES;
				CURRENT_PROJECT_VERSION = 1;
				DEFINES_MODULE = YES;
				DEVELOPMENT_TEAM = 642J3P53HE;
				DYLIB_COMPATIBILITY_VERSION = 1;
				DYLIB_CURRENT_VERSION = 1;
				DYLIB_INSTALL_NAME_BASE = "@rpath";
				ENABLE_MODULE_VERIFIER = YES;
				GENERATE_INFOPLIST_FILE = YES;
				INFOPLIST_KEY_NSHumanReadableCopyright = "";
				INSTALL_PATH = "$(LOCAL_LIBRARY_DIR)/Frameworks";
				LD_RUNPATH_SEARCH_PATHS = (
					"$(inherited)",
					"@executable_path/../Frameworks",
					"@loader_path/Frameworks",
				);
				MARKETING_VERSION = 1.0;
				MODULE_VERIFIER_SUPPORTED_LANGUAGES = "objective-c objective-c++";
				MODULE_VERIFIER_SUPPORTED_LANGUAGE_STANDARDS = "gnu11 gnu++20";
				PRODUCT_BUNDLE_IDENTIFIER = com.pintumo.Places;
				PRODUCT_NAME = "$(TARGET_NAME:c99extidentifier)";
				SKIP_INSTALL = YES;
				SWIFT_EMIT_LOC_STRINGS = YES;
				SWIFT_VERSION = 5.0;
			};
			name = Release;
		};
		17C52C272A1D50560066BEDE /* Debug */ = {
			isa = XCBuildConfiguration;
			buildSettings = {
				ALWAYS_EMBED_SWIFT_STANDARD_LIBRARIES = YES;
				CODE_SIGN_STYLE = Automatic;
				CURRENT_PROJECT_VERSION = 1;
				DEVELOPMENT_TEAM = 642J3P53HE;
				GENERATE_INFOPLIST_FILE = YES;
				MARKETING_VERSION = 1.0;
				PRODUCT_BUNDLE_IDENTIFIER = com.pintumo.PlacesTests;
				PRODUCT_NAME = "$(TARGET_NAME)";
				SWIFT_EMIT_LOC_STRINGS = NO;
				SWIFT_VERSION = 5.0;
			};
			name = Debug;
		};
		17C52C282A1D50560066BEDE /* Release */ = {
			isa = XCBuildConfiguration;
			buildSettings = {
				ALWAYS_EMBED_SWIFT_STANDARD_LIBRARIES = YES;
				CODE_SIGN_STYLE = Automatic;
				CURRENT_PROJECT_VERSION = 1;
				DEVELOPMENT_TEAM = 642J3P53HE;
				GENERATE_INFOPLIST_FILE = YES;
				MARKETING_VERSION = 1.0;
				PRODUCT_BUNDLE_IDENTIFIER = com.pintumo.PlacesTests;
				PRODUCT_NAME = "$(TARGET_NAME)";
				SWIFT_EMIT_LOC_STRINGS = NO;
				SWIFT_VERSION = 5.0;
			};
			name = Release;
		};
/* End XCBuildConfiguration section */

/* Begin XCConfigurationList section */
		178F5BD32A1F3553004516AF /* Build configuration list for PBXNativeTarget "PlacesEndToEndTests" */ = {
			isa = XCConfigurationList;
			buildConfigurations = (
				178F5BD42A1F3553004516AF /* Debug */,
				178F5BD52A1F3553004516AF /* Release */,
			);
			defaultConfigurationIsVisible = 0;
			defaultConfigurationName = Release;
		};
		17C52C0B2A1D50550066BEDE /* Build configuration list for PBXProject "Places" */ = {
			isa = XCConfigurationList;
			buildConfigurations = (
				17C52C212A1D50560066BEDE /* Debug */,
				17C52C222A1D50560066BEDE /* Release */,
			);
			defaultConfigurationIsVisible = 0;
			defaultConfigurationName = Release;
		};
		17C52C232A1D50560066BEDE /* Build configuration list for PBXNativeTarget "Places" */ = {
			isa = XCConfigurationList;
			buildConfigurations = (
				17C52C242A1D50560066BEDE /* Debug */,
				17C52C252A1D50560066BEDE /* Release */,
			);
			defaultConfigurationIsVisible = 0;
			defaultConfigurationName = Release;
		};
		17C52C262A1D50560066BEDE /* Build configuration list for PBXNativeTarget "PlacesTests" */ = {
			isa = XCConfigurationList;
			buildConfigurations = (
				17C52C272A1D50560066BEDE /* Debug */,
				17C52C282A1D50560066BEDE /* Release */,
			);
			defaultConfigurationIsVisible = 0;
			defaultConfigurationName = Release;
		};
/* End XCConfigurationList section */
	};
	rootObject = 17C52C082A1D50550066BEDE /* Project object */;
}
